// !$*UTF8*$!
{
	archiveVersion = 1;
	classes = {
	};
	objectVersion = 50;
	objects = {

/* Begin PBXBuildFile section */
		AB5EBF8A23FEF26E00E5DB27 /* AppDelegate.swift in Sources */ = {isa = PBXBuildFile; fileRef = AB5EBF8923FEF26E00E5DB27 /* AppDelegate.swift */; };
		AB5EBF8C23FEF26E00E5DB27 /* SceneDelegate.swift in Sources */ = {isa = PBXBuildFile; fileRef = AB5EBF8B23FEF26E00E5DB27 /* SceneDelegate.swift */; };
		AB5EBF8E23FEF26E00E5DB27 /* RectanglesViewController.swift in Sources */ = {isa = PBXBuildFile; fileRef = AB5EBF8D23FEF26E00E5DB27 /* RectanglesViewController.swift */; };
		AB5EBF9123FEF26E00E5DB27 /* Main.storyboard in Resources */ = {isa = PBXBuildFile; fileRef = AB5EBF8F23FEF26E00E5DB27 /* Main.storyboard */; };
		AB5EBF9323FEF26F00E5DB27 /* Assets.xcassets in Resources */ = {isa = PBXBuildFile; fileRef = AB5EBF9223FEF26F00E5DB27 /* Assets.xcassets */; };
		AB5EBF9623FEF26F00E5DB27 /* LaunchScreen.storyboard in Resources */ = {isa = PBXBuildFile; fileRef = AB5EBF9423FEF26F00E5DB27 /* LaunchScreen.storyboard */; };
		AB5EBFC22405253A00E5DB27 /* TextFieldViewController.swift in Sources */ = {isa = PBXBuildFile; fileRef = AB5EBFC12405253A00E5DB27 /* TextFieldViewController.swift */; };
		AB5EBFC42405258A00E5DB27 /* ImageViewController.swift in Sources */ = {isa = PBXBuildFile; fileRef = AB5EBFC32405258A00E5DB27 /* ImageViewController.swift */; };
		AB5EBFC6240525B100E5DB27 /* NoImageViewController.swift in Sources */ = {isa = PBXBuildFile; fileRef = AB5EBFC5240525B100E5DB27 /* NoImageViewController.swift */; };
/* End PBXBuildFile section */

/* Begin PBXFileReference section */
		AB5EBF8623FEF26E00E5DB27 /* homework_12.app */ = {isa = PBXFileReference; explicitFileType = wrapper.application; includeInIndex = 0; path = homework_12.app; sourceTree = BUILT_PRODUCTS_DIR; };
		AB5EBF8923FEF26E00E5DB27 /* AppDelegate.swift */ = {isa = PBXFileReference; lastKnownFileType = sourcecode.swift; path = AppDelegate.swift; sourceTree = "<group>"; };
		AB5EBF8B23FEF26E00E5DB27 /* SceneDelegate.swift */ = {isa = PBXFileReference; lastKnownFileType = sourcecode.swift; path = SceneDelegate.swift; sourceTree = "<group>"; };
		AB5EBF8D23FEF26E00E5DB27 /* RectanglesViewController.swift */ = {isa = PBXFileReference; lastKnownFileType = sourcecode.swift; path = RectanglesViewController.swift; sourceTree = "<group>"; };
		AB5EBF9023FEF26E00E5DB27 /* Base */ = {isa = PBXFileReference; lastKnownFileType = file.storyboard; name = Base; path = Base.lproj/Main.storyboard; sourceTree = "<group>"; };
		AB5EBF9223FEF26F00E5DB27 /* Assets.xcassets */ = {isa = PBXFileReference; lastKnownFileType = folder.assetcatalog; path = Assets.xcassets; sourceTree = "<group>"; };
		AB5EBF9523FEF26F00E5DB27 /* Base */ = {isa = PBXFileReference; lastKnownFileType = file.storyboard; name = Base; path = Base.lproj/LaunchScreen.storyboard; sourceTree = "<group>"; };
		AB5EBF9723FEF26F00E5DB27 /* Info.plist */ = {isa = PBXFileReference; lastKnownFileType = text.plist.xml; path = Info.plist; sourceTree = "<group>"; };
		AB5EBFC12405253A00E5DB27 /* TextFieldViewController.swift */ = {isa = PBXFileReference; lastKnownFileType = sourcecode.swift; path = TextFieldViewController.swift; sourceTree = "<group>"; };
		AB5EBFC32405258A00E5DB27 /* ImageViewController.swift */ = {isa = PBXFileReference; lastKnownFileType = sourcecode.swift; path = ImageViewController.swift; sourceTree = "<group>"; };
		AB5EBFC5240525B100E5DB27 /* NoImageViewController.swift */ = {isa = PBXFileReference; lastKnownFileType = sourcecode.swift; path = NoImageViewController.swift; sourceTree = "<group>"; };
/* End PBXFileReference section */

/* Begin PBXFrameworksBuildPhase section */
		AB5EBF8323FEF26E00E5DB27 /* Frameworks */ = {
			isa = PBXFrameworksBuildPhase;
			buildActionMask = 2147483647;
			files = (
			);
			runOnlyForDeploymentPostprocessing = 0;
		};
/* End PBXFrameworksBuildPhase section */

/* Begin PBXGroup section */
		AB5EBF7D23FEF26E00E5DB27 = {
			isa = PBXGroup;
			children = (
				AB5EBF8823FEF26E00E5DB27 /* homework_12 */,
				AB5EBF8723FEF26E00E5DB27 /* Products */,
			);
			sourceTree = "<group>";
		};
		AB5EBF8723FEF26E00E5DB27 /* Products */ = {
			isa = PBXGroup;
			children = (
				AB5EBF8623FEF26E00E5DB27 /* homework_12.app */,
			);
			name = Products;
			sourceTree = "<group>";
		};
		AB5EBF8823FEF26E00E5DB27 /* homework_12 */ = {
			isa = PBXGroup;
			children = (
				AB5EBF8923FEF26E00E5DB27 /* AppDelegate.swift */,
				AB5EBF8B23FEF26E00E5DB27 /* SceneDelegate.swift */,
				AB5EBF8D23FEF26E00E5DB27 /* RectanglesViewController.swift */,
				AB5EBF8F23FEF26E00E5DB27 /* Main.storyboard */,
				AB5EBFC12405253A00E5DB27 /* TextFieldViewController.swift */,
				AB5EBFC32405258A00E5DB27 /* ImageViewController.swift */,
				AB5EBFC5240525B100E5DB27 /* NoImageViewController.swift */,
				AB5EBF9223FEF26F00E5DB27 /* Assets.xcassets */,
				AB5EBF9423FEF26F00E5DB27 /* LaunchScreen.storyboard */,
				AB5EBF9723FEF26F00E5DB27 /* Info.plist */,
			);
			path = homework_12;
			sourceTree = "<group>";
		};
/* End PBXGroup section */

/* Begin PBXNativeTarget section */
		AB5EBF8523FEF26E00E5DB27 /* homework_12 */ = {
			isa = PBXNativeTarget;
			buildConfigurationList = AB5EBF9A23FEF26F00E5DB27 /* Build configuration list for PBXNativeTarget "homework_12" */;
			buildPhases = (
				AB5EBF8223FEF26E00E5DB27 /* Sources */,
				AB5EBF8323FEF26E00E5DB27 /* Frameworks */,
				AB5EBF8423FEF26E00E5DB27 /* Resources */,
			);
			buildRules = (
			);
			dependencies = (
			);
			name = homework_12;
			productName = homework_12;
			productReference = AB5EBF8623FEF26E00E5DB27 /* homework_12.app */;
			productType = "com.apple.product-type.application";
		};
/* End PBXNativeTarget section */

/* Begin PBXProject section */
		AB5EBF7E23FEF26E00E5DB27 /* Project object */ = {
			isa = PBXProject;
			attributes = {
				LastSwiftUpdateCheck = 1130;
				LastUpgradeCheck = 1130;
				ORGANIZATIONNAME = "Alexandra Lesnichaya";
				TargetAttributes = {
					AB5EBF8523FEF26E00E5DB27 = {
						CreatedOnToolsVersion = 11.3.1;
					};
				};
			};
			buildConfigurationList = AB5EBF8123FEF26E00E5DB27 /* Build configuration list for PBXProject "homework_12" */;
			compatibilityVersion = "Xcode 9.3";
			developmentRegion = en;
			hasScannedForEncodings = 0;
			knownRegions = (
				en,
				Base,
			);
			mainGroup = AB5EBF7D23FEF26E00E5DB27;
			productRefGroup = AB5EBF8723FEF26E00E5DB27 /* Products */;
			projectDirPath = "";
			projectRoot = "";
			targets = (
				AB5EBF8523FEF26E00E5DB27 /* homework_12 */,
			);
		};
/* End PBXProject section */

/* Begin PBXResourcesBuildPhase section */
		AB5EBF8423FEF26E00E5DB27 /* Resources */ = {
			isa = PBXResourcesBuildPhase;
			buildActionMask = 2147483647;
			files = (
				AB5EBF9623FEF26F00E5DB27 /* LaunchScreen.storyboard in Resources */,
				AB5EBF9323FEF26F00E5DB27 /* Assets.xcassets in Resources */,
				AB5EBF9123FEF26E00E5DB27 /* Main.storyboard in Resources */,
			);
			runOnlyForDeploymentPostprocessing = 0;
		};
/* End PBXResourcesBuildPhase section */

/* Begin PBXSourcesBuildPhase section */
		AB5EBF8223FEF26E00E5DB27 /* Sources */ = {
			isa = PBXSourcesBuildPhase;
			buildActionMask = 2147483647;
			files = (
				AB5EBFC6240525B100E5DB27 /* NoImageViewController.swift in Sources */,
				AB5EBFC42405258A00E5DB27 /* ImageViewController.swift in Sources */,
				AB5EBF8E23FEF26E00E5DB27 /* RectanglesViewController.swift in Sources */,
				AB5EBF8A23FEF26E00E5DB27 /* AppDelegate.swift in Sources */,
				AB5EBFC22405253A00E5DB27 /* TextFieldViewController.swift in Sources */,
				AB5EBF8C23FEF26E00E5DB27 /* SceneDelegate.swift in Sources */,
			);
			runOnlyForDeploymentPostprocessing = 0;
		};
/* End PBXSourcesBuildPhase section */

/* Begin PBXVariantGroup section */
		AB5EBF8F23FEF26E00E5DB27 /* Main.storyboard */ = {
			isa = PBXVariantGroup;
			children = (
				AB5EBF9023FEF26E00E5DB27 /* Base */,
			);
			name = Main.storyboard;
			sourceTree = "<group>";
		};
		AB5EBF9423FEF26F00E5DB27 /* LaunchScreen.storyboard */ = {
			isa = PBXVariantGroup;
			children = (
				AB5EBF9523FEF26F00E5DB27 /* Base */,
			);
			name = LaunchScreen.storyboard;
			sourceTree = "<group>";
		};
/* End PBXVariantGroup section */

/* Begin XCBuildConfiguration section */
		AB5EBF9823FEF26F00E5DB27 /* Debug */ = {
			isa = XCBuildConfiguration;
			buildSettings = {
				ALWAYS_SEARCH_USER_PATHS = NO;
				CLANG_ANALYZER_NONNULL = YES;
				CLANG_ANALYZER_NUMBER_OBJECT_CONVERSION = YES_AGGRESSIVE;
				CLANG_CXX_LANGUAGE_STANDARD = "gnu++14";
				CLANG_CXX_LIBRARY = "libc++";
				CLANG_ENABLE_MODULES = YES;
				CLANG_ENABLE_OBJC_ARC = YES;
				CLANG_ENABLE_OBJC_WEAK = YES;
				CLANG_WARN_BLOCK_CAPTURE_AUTORELEASING = YES;
				CLANG_WARN_BOOL_CONVERSION = YES;
				CLANG_WARN_COMMA = YES;
				CLANG_WARN_CONSTANT_CONVERSION = YES;
				CLANG_WARN_DEPRECATED_OBJC_IMPLEMENTATIONS = YES;
				CLANG_WARN_DIRECT_OBJC_ISA_USAGE = YES_ERROR;
				CLANG_WARN_DOCUMENTATION_COMMENTS = YES;
				CLANG_WARN_EMPTY_BODY = YES;
				CLANG_WARN_ENUM_CONVERSION = YES;
				CLANG_WARN_INFINITE_RECURSION = YES;
				CLANG_WARN_INT_CONVERSION = YES;
				CLANG_WARN_NON_LITERAL_NULL_CONVERSION = YES;
				CLANG_WARN_OBJC_IMPLICIT_RETAIN_SELF = YES;
				CLANG_WARN_OBJC_LITERAL_CONVERSION = YES;
				CLANG_WARN_OBJC_ROOT_CLASS = YES_ERROR;
				CLANG_WARN_RANGE_LOOP_ANALYSIS = YES;
				CLANG_WARN_STRICT_PROTOTYPES = YES;
				CLANG_WARN_SUSPICIOUS_MOVE = YES;
				CLANG_WARN_UNGUARDED_AVAILABILITY = YES_AGGRESSIVE;
				CLANG_WARN_UNREACHABLE_CODE = YES;
				CLANG_WARN__DUPLICATE_METHOD_MATCH = YES;
				COPY_PHASE_STRIP = NO;
				DEBUG_INFORMATION_FORMAT = dwarf;
				ENABLE_STRICT_OBJC_MSGSEND = YES;
				ENABLE_TESTABILITY = YES;
				GCC_C_LANGUAGE_STANDARD = gnu11;
				GCC_DYNAMIC_NO_PIC = NO;
				GCC_NO_COMMON_BLOCKS = YES;
				GCC_OPTIMIZATION_LEVEL = 0;
				GCC_PREPROCESSOR_DEFINITIONS = (
					"DEBUG=1",
					"$(inherited)",
				);
				GCC_WARN_64_TO_32_BIT_CONVERSION = YES;
				GCC_WARN_ABOUT_RETURN_TYPE = YES_ERROR;
				GCC_WARN_UNDECLARED_SELECTOR = YES;
				GCC_WARN_UNINITIALIZED_AUTOS = YES_AGGRESSIVE;
				GCC_WARN_UNUSED_FUNCTION = YES;
				GCC_WARN_UNUSED_VARIABLE = YES;
				IPHONEOS_DEPLOYMENT_TARGET = 13.2;
				MTL_ENABLE_DEBUG_INFO = INCLUDE_SOURCE;
				MTL_FAST_MATH = YES;
				ONLY_ACTIVE_ARCH = YES;
				SDKROOT = iphoneos;
				SWIFT_ACTIVE_COMPILATION_CONDITIONS = DEBUG;
				SWIFT_OPTIMIZATION_LEVEL = "-Onone";
			};
			name = Debug;
		};
		AB5EBF9923FEF26F00E5DB27 /* Release */ = {
			isa = XCBuildConfiguration;
			buildSettings = {
				ALWAYS_SEARCH_USER_PATHS = NO;
				CLANG_ANALYZER_NONNULL = YES;
				CLANG_ANALYZER_NUMBER_OBJECT_CONVERSION = YES_AGGRESSIVE;
				CLANG_CXX_LANGUAGE_STANDARD = "gnu++14";
				CLANG_CXX_LIBRARY = "libc++";
				CLANG_ENABLE_MODULES = YES;
				CLANG_ENABLE_OBJC_ARC = YES;
				CLANG_ENABLE_OBJC_WEAK = YES;
				CLANG_WARN_BLOCK_CAPTURE_AUTORELEASING = YES;
				CLANG_WARN_BOOL_CONVERSION = YES;
				CLANG_WARN_COMMA = YES;
				CLANG_WARN_CONSTANT_CONVERSION = YES;
				CLANG_WARN_DEPRECATED_OBJC_IMPLEMENTATIONS = YES;
				CLANG_WARN_DIRECT_OBJC_ISA_USAGE = YES_ERROR;
				CLANG_WARN_DOCUMENTATION_COMMENTS = YES;
				CLANG_WARN_EMPTY_BODY = YES;
				CLANG_WARN_ENUM_CONVERSION = YES;
				CLANG_WARN_INFINITE_RECURSION = YES;
				CLANG_WARN_INT_CONVERSION = YES;
				CLANG_WARN_NON_LITERAL_NULL_CONVERSION = YES;
				CLANG_WARN_OBJC_IMPLICIT_RETAIN_SELF = YES;
				CLANG_WARN_OBJC_LITERAL_CONVERSION = YES;
				CLANG_WARN_OBJC_ROOT_CLASS = YES_ERROR;
				CLANG_WARN_RANGE_LOOP_ANALYSIS = YES;
				CLANG_WARN_STRICT_PROTOTYPES = YES;
				CLANG_WARN_SUSPICIOUS_MOVE = YES;
				CLANG_WARN_UNGUARDED_AVAILABILITY = YES_AGGRESSIVE;
				CLANG_WARN_UNREACHABLE_CODE = YES;
				CLANG_WARN__DUPLICATE_METHOD_MATCH = YES;
				COPY_PHASE_STRIP = NO;
				DEBUG_INFORMATION_FORMAT = "dwarf-with-dsym";
				ENABLE_NS_ASSERTIONS = NO;
				ENABLE_STRICT_OBJC_MSGSEND = YES;
				GCC_C_LANGUAGE_STANDARD = gnu11;
				GCC_NO_COMMON_BLOCKS = YES;
				GCC_WARN_64_TO_32_BIT_CONVERSION = YES;
				GCC_WARN_ABOUT_RETURN_TYPE = YES_ERROR;
				GCC_WARN_UNDECLARED_SELECTOR = YES;
				GCC_WARN_UNINITIALIZED_AUTOS = YES_AGGRESSIVE;
				GCC_WARN_UNUSED_FUNCTION = YES;
				GCC_WARN_UNUSED_VARIABLE = YES;
				IPHONEOS_DEPLOYMENT_TARGET = 13.2;
				MTL_ENABLE_DEBUG_INFO = NO;
				MTL_FAST_MATH = YES;
				SDKROOT = iphoneos;
				SWIFT_COMPILATION_MODE = wholemodule;
				SWIFT_OPTIMIZATION_LEVEL = "-O";
				VALIDATE_PRODUCT = YES;
			};
			name = Release;
		};
		AB5EBF9B23FEF26F00E5DB27 /* Debug */ = {
			isa = XCBuildConfiguration;
			buildSettings = {
				ASSETCATALOG_COMPILER_APPICON_NAME = AppIcon;
				CODE_SIGN_STYLE = Automatic;
				INFOPLIST_FILE = homework_12/Info.plist;
				LD_RUNPATH_SEARCH_PATHS = (
					"$(inherited)",
					"@executable_path/Frameworks",
				);
				PRODUCT_BUNDLE_IDENTIFIER = "-------------------.homework-12";
				PRODUCT_NAME = "$(TARGET_NAME)";
				SWIFT_VERSION = 5.0;
				TARGETED_DEVICE_FAMILY = "1,2";
			};
			name = Debug;
		};
		AB5EBF9C23FEF26F00E5DB27 /* Release */ = {
			isa = XCBuildConfiguration;
			buildSettings = {
				ASSETCATALOG_COMPILER_APPICON_NAME = AppIcon;
				CODE_SIGN_STYLE = Automatic;
				INFOPLIST_FILE = homework_12/Info.plist;
				LD_RUNPATH_SEARCH_PATHS = (
					"$(inherited)",
					"@executable_path/Frameworks",
				);
				PRODUCT_BUNDLE_IDENTIFIER = "-------------------.homework-12";
				PRODUCT_NAME = "$(TARGET_NAME)";
				SWIFT_VERSION = 5.0;
				TARGETED_DEVICE_FAMILY = "1,2";
			};
			name = Release;
		};
/* End XCBuildConfiguration section */

/* Begin XCConfigurationList section */
		AB5EBF8123FEF26E00E5DB27 /* Build configuration list for PBXProject "homework_12" */ = {
			isa = XCConfigurationList;
			buildConfigurations = (
				AB5EBF9823FEF26F00E5DB27 /* Debug */,
				AB5EBF9923FEF26F00E5DB27 /* Release */,
			);
			defaultConfigurationIsVisible = 0;
			defaultConfigurationName = Release;
		};
		AB5EBF9A23FEF26F00E5DB27 /* Build configuration list for PBXNativeTarget "homework_12" */ = {
			isa = XCConfigurationList;
			buildConfigurations = (
				AB5EBF9B23FEF26F00E5DB27 /* Debug */,
				AB5EBF9C23FEF26F00E5DB27 /* Release */,
			);
			defaultConfigurationIsVisible = 0;
			defaultConfigurationName = Release;
		};
/* End XCConfigurationList section */
	};
	rootObject = AB5EBF7E23FEF26E00E5DB27 /* Project object */;
}
